// !$*UTF8*$!
{
	archiveVersion = 1;
	classes = {
	};
	objectVersion = 56;
	objects = {

/* Begin PBXBuildFile section */
		097266F62B0A134B00FB6E54 /* BaseViewController.swift in Sources */ = {isa = PBXBuildFile; fileRef = 097266F52B0A134B00FB6E54 /* BaseViewController.swift */; };
		097F58052B0E73C400918304 /* RelatedModel.swift in Sources */ = {isa = PBXBuildFile; fileRef = 097F58042B0E73C400918304 /* RelatedModel.swift */; };
		097F58082B0EFE6B00918304 /* RelatedCollectionViewCell.swift in Sources */ = {isa = PBXBuildFile; fileRef = 097F58072B0EFE6B00918304 /* RelatedCollectionViewCell.swift */; };
		09BA868B2B0A231000BF85D9 /* LaunchScreen.storyboard in Resources */ = {isa = PBXBuildFile; fileRef = 09DE08402B05B70200D7DF3D /* LaunchScreen.storyboard */; };
		09BA86942B0A3BF200BF85D9 /* SizeLiterals.swift in Sources */ = {isa = PBXBuildFile; fileRef = 09BA86932B0A3BF200BF85D9 /* SizeLiterals.swift */; };
		09BA86992B0A3C6400BF85D9 /* DetailViewController.swift in Sources */ = {isa = PBXBuildFile; fileRef = 09BA86982B0A3C6400BF85D9 /* DetailViewController.swift */; };
		09BA86AD2B0A4C9200BF85D9 /* TabBarView.swift in Sources */ = {isa = PBXBuildFile; fileRef = 09BA86AC2B0A4C9200BF85D9 /* TabBarView.swift */; };
		09BA86AF2B0A4D9400BF85D9 /* TabBarCollectionView.swift in Sources */ = {isa = PBXBuildFile; fileRef = 09BA86AE2B0A4D9400BF85D9 /* TabBarCollectionView.swift */; };
		09BA86B12B0A4DB100BF85D9 /* TabBarCollectionViewCell.swift in Sources */ = {isa = PBXBuildFile; fileRef = 09BA86B02B0A4DB100BF85D9 /* TabBarCollectionViewCell.swift */; };
		09BA86B32B0A4E4D00BF85D9 /* UICollectionView+.swift in Sources */ = {isa = PBXBuildFile; fileRef = 09BA86B22B0A4E4D00BF85D9 /* UICollectionView+.swift */; };
		09BA86B52B0A4E7C00BF85D9 /* TabBarRect.swift in Sources */ = {isa = PBXBuildFile; fileRef = 09BA86B42B0A4E7C00BF85D9 /* TabBarRect.swift */; };
		09BA86B82B0A616500BF85D9 /* CustomNavigationBar.swift in Sources */ = {isa = PBXBuildFile; fileRef = 09BA86B72B0A616500BF85D9 /* CustomNavigationBar.swift */; };
		09BA86BB2B0A6F0E00BF85D9 /* BottomCTAButton.swift in Sources */ = {isa = PBXBuildFile; fileRef = 09BA86BA2B0A6F0E00BF85D9 /* BottomCTAButton.swift */; };
		09CE00FB2B0E12BC00CB42C4 /* Int+.swift in Sources */ = {isa = PBXBuildFile; fileRef = 09CE00FA2B0E12BC00CB42C4 /* Int+.swift */; };
		09DE08362B05B70100D7DF3D /* AppDelegate.swift in Sources */ = {isa = PBXBuildFile; fileRef = 09DE08352B05B70100D7DF3D /* AppDelegate.swift */; };
		09DE08382B05B70100D7DF3D /* SceneDelegate.swift in Sources */ = {isa = PBXBuildFile; fileRef = 09DE08372B05B70100D7DF3D /* SceneDelegate.swift */; };
		09DE083A2B05B70100D7DF3D /* ViewController.swift in Sources */ = {isa = PBXBuildFile; fileRef = 09DE08392B05B70100D7DF3D /* ViewController.swift */; };
		09DE083F2B05B70200D7DF3D /* Assets.xcassets in Resources */ = {isa = PBXBuildFile; fileRef = 09DE083E2B05B70200D7DF3D /* Assets.xcassets */; };
		09EAE9862B0B05170079CAC4 /* AddCartViewController.swift in Sources */ = {isa = PBXBuildFile; fileRef = 09EAE9852B0B05170079CAC4 /* AddCartViewController.swift */; };
		09EAE9882B0B05C70079CAC4 /* TestViewController.swift in Sources */ = {isa = PBXBuildFile; fileRef = 09EAE9872B0B05C70079CAC4 /* TestViewController.swift */; };
		09EAE98B2B0B0A8A0079CAC4 /* Product.swift in Sources */ = {isa = PBXBuildFile; fileRef = 09EAE98A2B0B0A8A0079CAC4 /* Product.swift */; };
		09EAE98F2B0B0C880079CAC4 /* AddCartView.swift in Sources */ = {isa = PBXBuildFile; fileRef = 09EAE98E2B0B0C880079CAC4 /* AddCartView.swift */; };
		09EAE9912B0B22080079CAC4 /* Stepper.swift in Sources */ = {isa = PBXBuildFile; fileRef = 09EAE9902B0B22080079CAC4 /* Stepper.swift */; };
		09EAE9972B0B3CB40079CAC4 /* AfterAddCartViewController.swift in Sources */ = {isa = PBXBuildFile; fileRef = 09EAE9962B0B3CB40079CAC4 /* AfterAddCartViewController.swift */; };
		09EAE9992B0B42F00079CAC4 /* AfterAddCartView.swift in Sources */ = {isa = PBXBuildFile; fileRef = 09EAE9982B0B42F00079CAC4 /* AfterAddCartView.swift */; };
		09FF07852B0A08C6002FE124 /* BaseView.swift in Sources */ = {isa = PBXBuildFile; fileRef = 09FF07842B0A08C6002FE124 /* BaseView.swift */; };
		178335FE2B0B4DA1000DF127 /* DetailView.swift in Sources */ = {isa = PBXBuildFile; fileRef = 178335FD2B0B4DA1000DF127 /* DetailView.swift */; };
		178336002B0B61E3000DF127 /* FirstSectionCollectionViewCell.swift in Sources */ = {isa = PBXBuildFile; fileRef = 178335FF2B0B61E2000DF127 /* FirstSectionCollectionViewCell.swift */; };
		178336022B0B6832000DF127 /* DetailProduct.swift in Sources */ = {isa = PBXBuildFile; fileRef = 178336012B0B6832000DF127 /* DetailProduct.swift */; };
		178336062B0E2159000DF127 /* SecondSectionCollectionViewCell.swift in Sources */ = {isa = PBXBuildFile; fileRef = 178336052B0E2159000DF127 /* SecondSectionCollectionViewCell.swift */; };
		17A870852B0863A600D5162C /* Protocols.swift in Sources */ = {isa = PBXBuildFile; fileRef = 17A870842B0863A600D5162C /* Protocols.swift */; };
		17A870932B08649300D5162C /* View.swift in Sources */ = {isa = PBXBuildFile; fileRef = 17A870922B08649300D5162C /* View.swift */; };
		17A870952B08649D00D5162C /* Models.swift in Sources */ = {isa = PBXBuildFile; fileRef = 17A870942B08649D00D5162C /* Models.swift */; };
		17A870972B0864A600D5162C /* Cell.swift in Sources */ = {isa = PBXBuildFile; fileRef = 17A870962B0864A600D5162C /* Cell.swift */; };
		17A870992B0864B000D5162C /* Base.swift in Sources */ = {isa = PBXBuildFile; fileRef = 17A870982B0864B000D5162C /* Base.swift */; };
		17A8709B2B0864BB00D5162C /* DataModel.swift in Sources */ = {isa = PBXBuildFile; fileRef = 17A8709A2B0864BB00D5162C /* DataModel.swift */; };
		17A8709D2B0864CB00D5162C /* Service.swift in Sources */ = {isa = PBXBuildFile; fileRef = 17A8709C2B0864CB00D5162C /* Service.swift */; };
		17A870A52B08653300D5162C /* Base1.swift in Sources */ = {isa = PBXBuildFile; fileRef = 17A870A42B08653300D5162C /* Base1.swift */; };
		17A870A72B08657500D5162C /* Font.swift in Sources */ = {isa = PBXBuildFile; fileRef = 17A870A62B08657500D5162C /* Font.swift */; };
		17A870AC2B08668E00D5162C /* SnapKit in Frameworks */ = {isa = PBXBuildFile; productRef = 17A870AB2B08668E00D5162C /* SnapKit */; };
		17A870AF2B0866C400D5162C /* Then in Frameworks */ = {isa = PBXBuildFile; productRef = 17A870AE2B0866C400D5162C /* Then */; };
		17A870B22B08672A00D5162C /* Kingfisher in Frameworks */ = {isa = PBXBuildFile; productRef = 17A870B12B08672A00D5162C /* Kingfisher */; };
		17A870B42B08687700D5162C /* Pretendard-ExtraBold.otf in Resources */ = {isa = PBXBuildFile; fileRef = 17A870B32B08687700D5162C /* Pretendard-ExtraBold.otf */; };
		17A870B82B08688500D5162C /* Pretendard-Medium.otf in Resources */ = {isa = PBXBuildFile; fileRef = 17A870B52B08688400D5162C /* Pretendard-Medium.otf */; };
		17A870B92B08688500D5162C /* Pretendard-Regular.otf in Resources */ = {isa = PBXBuildFile; fileRef = 17A870B62B08688400D5162C /* Pretendard-Regular.otf */; };
		17A870BA2B08688500D5162C /* Pretendard-SemiBold.otf in Resources */ = {isa = PBXBuildFile; fileRef = 17A870B72B08688400D5162C /* Pretendard-SemiBold.otf */; };
		17A870BC2B08689100D5162C /* Pretendard-Bold.otf in Resources */ = {isa = PBXBuildFile; fileRef = 17A870BB2B08689100D5162C /* Pretendard-Bold.otf */; };
		17A870BE2B08697E00D5162C /* FontLiterals.swift in Sources */ = {isa = PBXBuildFile; fileRef = 17A870BD2B08697E00D5162C /* FontLiterals.swift */; };
		17A870C02B086DE900D5162C /* ColorLiterals.swift in Sources */ = {isa = PBXBuildFile; fileRef = 17A870BF2B086DE900D5162C /* ColorLiterals.swift */; };
		17A870C22B086E4800D5162C /* UIColor+.swift in Sources */ = {isa = PBXBuildFile; fileRef = 17A870C12B086E4800D5162C /* UIColor+.swift */; };
		17A870C42B0873C200D5162C /* ImageLiterals.swift in Sources */ = {isa = PBXBuildFile; fileRef = 17A870C32B0873C200D5162C /* ImageLiterals.swift */; };
		17A870C62B08742300D5162C /* UIImage+.swift in Sources */ = {isa = PBXBuildFile; fileRef = 17A870C52B08742300D5162C /* UIImage+.swift */; };
		17A870C82B08A43A00D5162C /* UIButton+.swift in Sources */ = {isa = PBXBuildFile; fileRef = 17A870C72B08A43A00D5162C /* UIButton+.swift */; };
		17A870CA2B08A46500D5162C /* UILabel+.swift in Sources */ = {isa = PBXBuildFile; fileRef = 17A870C92B08A46500D5162C /* UILabel+.swift */; };
		17A870CC2B08A4A000D5162C /* String+.swift in Sources */ = {isa = PBXBuildFile; fileRef = 17A870CB2B08A4A000D5162C /* String+.swift */; };
		17A870CE2B08A4CB00D5162C /* NSObject+.swift in Sources */ = {isa = PBXBuildFile; fileRef = 17A870CD2B08A4CA00D5162C /* NSObject+.swift */; };
		17A870D02B08A4F400D5162C /* UIResponder+.swift in Sources */ = {isa = PBXBuildFile; fileRef = 17A870CF2B08A4F400D5162C /* UIResponder+.swift */; };
		17A870D22B08A67900D5162C /* UIStackView+.swift in Sources */ = {isa = PBXBuildFile; fileRef = 17A870D12B08A67900D5162C /* UIStackView+.swift */; };
		17A870D42B08A69800D5162C /* UITabBar+.swift in Sources */ = {isa = PBXBuildFile; fileRef = 17A870D32B08A69800D5162C /* UITabBar+.swift */; };
		17A870D62B08A6B000D5162C /* UITableView+.swift in Sources */ = {isa = PBXBuildFile; fileRef = 17A870D52B08A6B000D5162C /* UITableView+.swift */; };
		17A870D82B08A6CC00D5162C /* UITextField+.swift in Sources */ = {isa = PBXBuildFile; fileRef = 17A870D72B08A6CC00D5162C /* UITextField+.swift */; };
		17A870DA2B08A6E200D5162C /* UITextView+.swift in Sources */ = {isa = PBXBuildFile; fileRef = 17A870D92B08A6E200D5162C /* UITextView+.swift */; };
		17A870DC2B08A6F700D5162C /* UIView+.swift in Sources */ = {isa = PBXBuildFile; fileRef = 17A870DB2B08A6F700D5162C /* UIView+.swift */; };
		17A870DE2B08A70F00D5162C /* UIViewController+.swift in Sources */ = {isa = PBXBuildFile; fileRef = 17A870DD2B08A70F00D5162C /* UIViewController+.swift */; };
		3F52DDCC2B0B531E00BD216E /* CartViewController.swift in Sources */ = {isa = PBXBuildFile; fileRef = 3F52DDCB2B0B531E00BD216E /* CartViewController.swift */; };
		3F52DDCE2B0B53B200BD216E /* CartView.swift in Sources */ = {isa = PBXBuildFile; fileRef = 3F52DDCD2B0B53B200BD216E /* CartView.swift */; };
		3F6E80F32B0C5E1E00D89606 /* CartHeaderView.swift in Sources */ = {isa = PBXBuildFile; fileRef = 3F6E80F22B0C5E1E00D89606 /* CartHeaderView.swift */; };
		F15DD1D32B0C8C3C00984E6D /* sampleViewController.swift in Sources */ = {isa = PBXBuildFile; fileRef = F15DD1D22B0C8C3C00984E6D /* sampleViewController.swift */; };
		F15DD1D52B0C8C6600984E6D /* NotifyAddToastView.swift in Sources */ = {isa = PBXBuildFile; fileRef = F15DD1D42B0C8C6600984E6D /* NotifyAddToastView.swift */; };
		F15DD1D72B0C8C7E00984E6D /* NotifyRemoveToastView.swift in Sources */ = {isa = PBXBuildFile; fileRef = F15DD1D62B0C8C7E00984E6D /* NotifyRemoveToastView.swift */; };
		F15DD1DC2B0C96E700984E6D /* RelatedFoodModalViewController.swift in Sources */ = {isa = PBXBuildFile; fileRef = F15DD1DB2B0C96E700984E6D /* RelatedFoodModalViewController.swift */; };
		F15DD1DE2B0C970700984E6D /* RelatedFoodModalView.swift in Sources */ = {isa = PBXBuildFile; fileRef = F15DD1DD2B0C970700984E6D /* RelatedFoodModalView.swift */; };
		F15DD1E12B0C9CAB00984E6D /* RecommendCollectionViewCell.swift in Sources */ = {isa = PBXBuildFile; fileRef = F15DD1E02B0C9CAB00984E6D /* RecommendCollectionViewCell.swift */; };
		F15DD1E32B0CBBB800984E6D /* RecommendHeaderView.swift in Sources */ = {isa = PBXBuildFile; fileRef = F15DD1E22B0CBBB800984E6D /* RecommendHeaderView.swift */; };
		F15DD1E52B0CD37E00984E6D /* RecommendFooterView.swift in Sources */ = {isa = PBXBuildFile; fileRef = F15DD1E42B0CD37E00984E6D /* RecommendFooterView.swift */; };
		F15DD1E82B0DD7D100984E6D /* RecommendModel.swift in Sources */ = {isa = PBXBuildFile; fileRef = F15DD1E72B0DD7D100984E6D /* RecommendModel.swift */; };
/* End PBXBuildFile section */

/* Begin PBXFileReference section */
		097266F52B0A134B00FB6E54 /* BaseViewController.swift */ = {isa = PBXFileReference; lastKnownFileType = sourcecode.swift; path = BaseViewController.swift; sourceTree = "<group>"; };
		097F58042B0E73C400918304 /* RelatedModel.swift */ = {isa = PBXFileReference; lastKnownFileType = sourcecode.swift; path = RelatedModel.swift; sourceTree = "<group>"; };
		097F58072B0EFE6B00918304 /* RelatedCollectionViewCell.swift */ = {isa = PBXFileReference; lastKnownFileType = sourcecode.swift; path = RelatedCollectionViewCell.swift; sourceTree = "<group>"; };
		09BA868C2B0A23B100BF85D9 /* Info.plist */ = {isa = PBXFileReference; fileEncoding = 4; lastKnownFileType = text.plist.xml; path = Info.plist; sourceTree = "<group>"; };
		09BA86932B0A3BF200BF85D9 /* SizeLiterals.swift */ = {isa = PBXFileReference; lastKnownFileType = sourcecode.swift; path = SizeLiterals.swift; sourceTree = "<group>"; };
		09BA86982B0A3C6400BF85D9 /* DetailViewController.swift */ = {isa = PBXFileReference; lastKnownFileType = sourcecode.swift; path = DetailViewController.swift; sourceTree = "<group>"; };
		09BA86AC2B0A4C9200BF85D9 /* TabBarView.swift */ = {isa = PBXFileReference; lastKnownFileType = sourcecode.swift; path = TabBarView.swift; sourceTree = "<group>"; };
		09BA86AE2B0A4D9400BF85D9 /* TabBarCollectionView.swift */ = {isa = PBXFileReference; lastKnownFileType = sourcecode.swift; path = TabBarCollectionView.swift; sourceTree = "<group>"; };
		09BA86B02B0A4DB100BF85D9 /* TabBarCollectionViewCell.swift */ = {isa = PBXFileReference; lastKnownFileType = sourcecode.swift; path = TabBarCollectionViewCell.swift; sourceTree = "<group>"; };
		09BA86B22B0A4E4D00BF85D9 /* UICollectionView+.swift */ = {isa = PBXFileReference; lastKnownFileType = sourcecode.swift; path = "UICollectionView+.swift"; sourceTree = "<group>"; };
		09BA86B42B0A4E7C00BF85D9 /* TabBarRect.swift */ = {isa = PBXFileReference; lastKnownFileType = sourcecode.swift; path = TabBarRect.swift; sourceTree = "<group>"; };
		09BA86B72B0A616500BF85D9 /* CustomNavigationBar.swift */ = {isa = PBXFileReference; lastKnownFileType = sourcecode.swift; path = CustomNavigationBar.swift; sourceTree = "<group>"; };
		09BA86BA2B0A6F0E00BF85D9 /* BottomCTAButton.swift */ = {isa = PBXFileReference; lastKnownFileType = sourcecode.swift; path = BottomCTAButton.swift; sourceTree = "<group>"; };
		09CE00FA2B0E12BC00CB42C4 /* Int+.swift */ = {isa = PBXFileReference; lastKnownFileType = sourcecode.swift; path = "Int+.swift"; sourceTree = "<group>"; };
		09DE08322B05B70100D7DF3D /* Kurly.app */ = {isa = PBXFileReference; explicitFileType = wrapper.application; includeInIndex = 0; path = Kurly.app; sourceTree = BUILT_PRODUCTS_DIR; };
		09DE08352B05B70100D7DF3D /* AppDelegate.swift */ = {isa = PBXFileReference; lastKnownFileType = sourcecode.swift; path = AppDelegate.swift; sourceTree = "<group>"; };
		09DE08372B05B70100D7DF3D /* SceneDelegate.swift */ = {isa = PBXFileReference; lastKnownFileType = sourcecode.swift; path = SceneDelegate.swift; sourceTree = "<group>"; };
		09DE08392B05B70100D7DF3D /* ViewController.swift */ = {isa = PBXFileReference; lastKnownFileType = sourcecode.swift; path = ViewController.swift; sourceTree = "<group>"; };
		09DE083E2B05B70200D7DF3D /* Assets.xcassets */ = {isa = PBXFileReference; lastKnownFileType = folder.assetcatalog; path = Assets.xcassets; sourceTree = "<group>"; };
		09DE08412B05B70200D7DF3D /* Base */ = {isa = PBXFileReference; lastKnownFileType = file.storyboard; name = Base; path = Base.lproj/LaunchScreen.storyboard; sourceTree = "<group>"; };
		09EAE9852B0B05170079CAC4 /* AddCartViewController.swift */ = {isa = PBXFileReference; lastKnownFileType = sourcecode.swift; path = AddCartViewController.swift; sourceTree = "<group>"; };
		09EAE9872B0B05C70079CAC4 /* TestViewController.swift */ = {isa = PBXFileReference; lastKnownFileType = sourcecode.swift; path = TestViewController.swift; sourceTree = "<group>"; };
		09EAE98A2B0B0A8A0079CAC4 /* Product.swift */ = {isa = PBXFileReference; lastKnownFileType = sourcecode.swift; path = Product.swift; sourceTree = "<group>"; };
		09EAE98E2B0B0C880079CAC4 /* AddCartView.swift */ = {isa = PBXFileReference; lastKnownFileType = sourcecode.swift; path = AddCartView.swift; sourceTree = "<group>"; };
		09EAE9902B0B22080079CAC4 /* Stepper.swift */ = {isa = PBXFileReference; lastKnownFileType = sourcecode.swift; path = Stepper.swift; sourceTree = "<group>"; };
		09EAE9962B0B3CB40079CAC4 /* AfterAddCartViewController.swift */ = {isa = PBXFileReference; lastKnownFileType = sourcecode.swift; path = AfterAddCartViewController.swift; sourceTree = "<group>"; };
		09EAE9982B0B42F00079CAC4 /* AfterAddCartView.swift */ = {isa = PBXFileReference; lastKnownFileType = sourcecode.swift; path = AfterAddCartView.swift; sourceTree = "<group>"; };
		09FF07842B0A08C6002FE124 /* BaseView.swift */ = {isa = PBXFileReference; lastKnownFileType = sourcecode.swift; path = BaseView.swift; sourceTree = "<group>"; };
		178335FD2B0B4DA1000DF127 /* DetailView.swift */ = {isa = PBXFileReference; lastKnownFileType = sourcecode.swift; path = DetailView.swift; sourceTree = "<group>"; };
		178335FF2B0B61E2000DF127 /* FirstSectionCollectionViewCell.swift */ = {isa = PBXFileReference; lastKnownFileType = sourcecode.swift; path = FirstSectionCollectionViewCell.swift; sourceTree = "<group>"; };
		178336012B0B6832000DF127 /* DetailProduct.swift */ = {isa = PBXFileReference; lastKnownFileType = sourcecode.swift; path = DetailProduct.swift; sourceTree = "<group>"; };
		178336052B0E2159000DF127 /* SecondSectionCollectionViewCell.swift */ = {isa = PBXFileReference; lastKnownFileType = sourcecode.swift; path = SecondSectionCollectionViewCell.swift; sourceTree = "<group>"; };
		17A870842B0863A600D5162C /* Protocols.swift */ = {isa = PBXFileReference; lastKnownFileType = sourcecode.swift; path = Protocols.swift; sourceTree = "<group>"; };
		17A870922B08649300D5162C /* View.swift */ = {isa = PBXFileReference; lastKnownFileType = sourcecode.swift; path = View.swift; sourceTree = "<group>"; };
		17A870942B08649D00D5162C /* Models.swift */ = {isa = PBXFileReference; lastKnownFileType = sourcecode.swift; path = Models.swift; sourceTree = "<group>"; };
		17A870962B0864A600D5162C /* Cell.swift */ = {isa = PBXFileReference; lastKnownFileType = sourcecode.swift; path = Cell.swift; sourceTree = "<group>"; };
		17A870982B0864B000D5162C /* Base.swift */ = {isa = PBXFileReference; lastKnownFileType = sourcecode.swift; path = Base.swift; sourceTree = "<group>"; };
		17A8709A2B0864BB00D5162C /* DataModel.swift */ = {isa = PBXFileReference; lastKnownFileType = sourcecode.swift; path = DataModel.swift; sourceTree = "<group>"; };
		17A8709C2B0864CB00D5162C /* Service.swift */ = {isa = PBXFileReference; lastKnownFileType = sourcecode.swift; path = Service.swift; sourceTree = "<group>"; };
		17A870A42B08653300D5162C /* Base1.swift */ = {isa = PBXFileReference; lastKnownFileType = sourcecode.swift; path = Base1.swift; sourceTree = "<group>"; };
		17A870A62B08657500D5162C /* Font.swift */ = {isa = PBXFileReference; lastKnownFileType = sourcecode.swift; path = Font.swift; sourceTree = "<group>"; };
		17A870B32B08687700D5162C /* Pretendard-ExtraBold.otf */ = {isa = PBXFileReference; lastKnownFileType = file; path = "Pretendard-ExtraBold.otf"; sourceTree = "<group>"; };
		17A870B52B08688400D5162C /* Pretendard-Medium.otf */ = {isa = PBXFileReference; lastKnownFileType = file; path = "Pretendard-Medium.otf"; sourceTree = "<group>"; };
		17A870B62B08688400D5162C /* Pretendard-Regular.otf */ = {isa = PBXFileReference; lastKnownFileType = file; path = "Pretendard-Regular.otf"; sourceTree = "<group>"; };
		17A870B72B08688400D5162C /* Pretendard-SemiBold.otf */ = {isa = PBXFileReference; lastKnownFileType = file; path = "Pretendard-SemiBold.otf"; sourceTree = "<group>"; };
		17A870BB2B08689100D5162C /* Pretendard-Bold.otf */ = {isa = PBXFileReference; lastKnownFileType = file; path = "Pretendard-Bold.otf"; sourceTree = "<group>"; };
		17A870BD2B08697E00D5162C /* FontLiterals.swift */ = {isa = PBXFileReference; lastKnownFileType = sourcecode.swift; path = FontLiterals.swift; sourceTree = "<group>"; };
		17A870BF2B086DE900D5162C /* ColorLiterals.swift */ = {isa = PBXFileReference; lastKnownFileType = sourcecode.swift; path = ColorLiterals.swift; sourceTree = "<group>"; };
		17A870C12B086E4800D5162C /* UIColor+.swift */ = {isa = PBXFileReference; lastKnownFileType = sourcecode.swift; path = "UIColor+.swift"; sourceTree = "<group>"; };
		17A870C32B0873C200D5162C /* ImageLiterals.swift */ = {isa = PBXFileReference; lastKnownFileType = sourcecode.swift; path = ImageLiterals.swift; sourceTree = "<group>"; };
		17A870C52B08742300D5162C /* UIImage+.swift */ = {isa = PBXFileReference; lastKnownFileType = sourcecode.swift; path = "UIImage+.swift"; sourceTree = "<group>"; };
		17A870C72B08A43A00D5162C /* UIButton+.swift */ = {isa = PBXFileReference; lastKnownFileType = sourcecode.swift; path = "UIButton+.swift"; sourceTree = "<group>"; };
		17A870C92B08A46500D5162C /* UILabel+.swift */ = {isa = PBXFileReference; lastKnownFileType = sourcecode.swift; path = "UILabel+.swift"; sourceTree = "<group>"; };
		17A870CB2B08A4A000D5162C /* String+.swift */ = {isa = PBXFileReference; lastKnownFileType = sourcecode.swift; path = "String+.swift"; sourceTree = "<group>"; };
		17A870CD2B08A4CA00D5162C /* NSObject+.swift */ = {isa = PBXFileReference; lastKnownFileType = sourcecode.swift; path = "NSObject+.swift"; sourceTree = "<group>"; };
		17A870CF2B08A4F400D5162C /* UIResponder+.swift */ = {isa = PBXFileReference; lastKnownFileType = sourcecode.swift; path = "UIResponder+.swift"; sourceTree = "<group>"; };
		17A870D12B08A67900D5162C /* UIStackView+.swift */ = {isa = PBXFileReference; lastKnownFileType = sourcecode.swift; path = "UIStackView+.swift"; sourceTree = "<group>"; };
		17A870D32B08A69800D5162C /* UITabBar+.swift */ = {isa = PBXFileReference; lastKnownFileType = sourcecode.swift; path = "UITabBar+.swift"; sourceTree = "<group>"; };
		17A870D52B08A6B000D5162C /* UITableView+.swift */ = {isa = PBXFileReference; lastKnownFileType = sourcecode.swift; path = "UITableView+.swift"; sourceTree = "<group>"; };
		17A870D72B08A6CC00D5162C /* UITextField+.swift */ = {isa = PBXFileReference; lastKnownFileType = sourcecode.swift; path = "UITextField+.swift"; sourceTree = "<group>"; };
		17A870D92B08A6E200D5162C /* UITextView+.swift */ = {isa = PBXFileReference; lastKnownFileType = sourcecode.swift; path = "UITextView+.swift"; sourceTree = "<group>"; };
		17A870DB2B08A6F700D5162C /* UIView+.swift */ = {isa = PBXFileReference; lastKnownFileType = sourcecode.swift; path = "UIView+.swift"; sourceTree = "<group>"; };
		17A870DD2B08A70F00D5162C /* UIViewController+.swift */ = {isa = PBXFileReference; lastKnownFileType = sourcecode.swift; path = "UIViewController+.swift"; sourceTree = "<group>"; };
		3F52DDCB2B0B531E00BD216E /* CartViewController.swift */ = {isa = PBXFileReference; lastKnownFileType = sourcecode.swift; path = CartViewController.swift; sourceTree = "<group>"; };
		3F52DDCD2B0B53B200BD216E /* CartView.swift */ = {isa = PBXFileReference; lastKnownFileType = sourcecode.swift; path = CartView.swift; sourceTree = "<group>"; };
		3F6E80F22B0C5E1E00D89606 /* CartHeaderView.swift */ = {isa = PBXFileReference; lastKnownFileType = sourcecode.swift; path = CartHeaderView.swift; sourceTree = "<group>"; };
		F15DD1D22B0C8C3C00984E6D /* sampleViewController.swift */ = {isa = PBXFileReference; lastKnownFileType = sourcecode.swift; path = sampleViewController.swift; sourceTree = "<group>"; };
		F15DD1D42B0C8C6600984E6D /* NotifyAddToastView.swift */ = {isa = PBXFileReference; lastKnownFileType = sourcecode.swift; path = NotifyAddToastView.swift; sourceTree = "<group>"; };
		F15DD1D62B0C8C7E00984E6D /* NotifyRemoveToastView.swift */ = {isa = PBXFileReference; lastKnownFileType = sourcecode.swift; path = NotifyRemoveToastView.swift; sourceTree = "<group>"; };
		F15DD1DB2B0C96E700984E6D /* RelatedFoodModalViewController.swift */ = {isa = PBXFileReference; lastKnownFileType = sourcecode.swift; path = RelatedFoodModalViewController.swift; sourceTree = "<group>"; };
		F15DD1DD2B0C970700984E6D /* RelatedFoodModalView.swift */ = {isa = PBXFileReference; lastKnownFileType = sourcecode.swift; path = RelatedFoodModalView.swift; sourceTree = "<group>"; };
		F15DD1E02B0C9CAB00984E6D /* RecommendCollectionViewCell.swift */ = {isa = PBXFileReference; lastKnownFileType = sourcecode.swift; path = RecommendCollectionViewCell.swift; sourceTree = "<group>"; };
		F15DD1E22B0CBBB800984E6D /* RecommendHeaderView.swift */ = {isa = PBXFileReference; lastKnownFileType = sourcecode.swift; path = RecommendHeaderView.swift; sourceTree = "<group>"; };
		F15DD1E42B0CD37E00984E6D /* RecommendFooterView.swift */ = {isa = PBXFileReference; lastKnownFileType = sourcecode.swift; path = RecommendFooterView.swift; sourceTree = "<group>"; };
		F15DD1E72B0DD7D100984E6D /* RecommendModel.swift */ = {isa = PBXFileReference; lastKnownFileType = sourcecode.swift; path = RecommendModel.swift; sourceTree = "<group>"; };
/* End PBXFileReference section */

/* Begin PBXFrameworksBuildPhase section */
		09DE082F2B05B70100D7DF3D /* Frameworks */ = {
			isa = PBXFrameworksBuildPhase;
			buildActionMask = 2147483647;
			files = (
				17A870B22B08672A00D5162C /* Kingfisher in Frameworks */,
				17A870AC2B08668E00D5162C /* SnapKit in Frameworks */,
				17A870AF2B0866C400D5162C /* Then in Frameworks */,
			);
			runOnlyForDeploymentPostprocessing = 0;
		};
/* End PBXFrameworksBuildPhase section */

/* Begin PBXGroup section */
		097F58032B0E739000918304 /* Model */ = {
			isa = PBXGroup;
			children = (
				097F58042B0E73C400918304 /* RelatedModel.swift */,
			);
			path = Model;
			sourceTree = "<group>";
		};
		097F58062B0EFE5500918304 /* Cells */ = {
			isa = PBXGroup;
			children = (
				097F58072B0EFE6B00918304 /* RelatedCollectionViewCell.swift */,
			);
			path = Cells;
			sourceTree = "<group>";
		};
		09BA86902B0A3B9F00BF85D9 /* TabBar */ = {
			isa = PBXGroup;
			children = (
				09BA86AC2B0A4C9200BF85D9 /* TabBarView.swift */,
				09BA86AE2B0A4D9400BF85D9 /* TabBarCollectionView.swift */,
				09BA86B02B0A4DB100BF85D9 /* TabBarCollectionViewCell.swift */,
				09BA86B42B0A4E7C00BF85D9 /* TabBarRect.swift */,
			);
			path = TabBar;
			sourceTree = "<group>";
		};
		09BA86972B0A3C5900BF85D9 /* Detail */ = {
			isa = PBXGroup;
			children = (
				178335FA2B0B4CF8000DF127 /* Views */,
				09BA86B92B0A6BE600BF85D9 /* ViewControllers */,
				178335FB2B0B4D0A000DF127 /* Models */,
			);
			path = Detail;
			sourceTree = "<group>";
		};
		09BA86B62B0A614400BF85D9 /* UIComponents */ = {
			isa = PBXGroup;
			children = (
				09BA86B72B0A616500BF85D9 /* CustomNavigationBar.swift */,
				09BA86BA2B0A6F0E00BF85D9 /* BottomCTAButton.swift */,
			);
			path = UIComponents;
			sourceTree = "<group>";
		};
		09BA86B92B0A6BE600BF85D9 /* ViewControllers */ = {
			isa = PBXGroup;
			children = (
				09BA86982B0A3C6400BF85D9 /* DetailViewController.swift */,
			);
			path = ViewControllers;
			sourceTree = "<group>";
		};
		09DE08292B05B70100D7DF3D = {
			isa = PBXGroup;
			children = (
				09DE08342B05B70100D7DF3D /* Kurly */,
				09DE08332B05B70100D7DF3D /* Products */,
			);
			sourceTree = "<group>";
		};
		09DE08332B05B70100D7DF3D /* Products */ = {
			isa = PBXGroup;
			children = (
				09DE08322B05B70100D7DF3D /* Kurly.app */,
			);
			name = Products;
			sourceTree = "<group>";
		};
		09DE08342B05B70100D7DF3D /* Kurly */ = {
			isa = PBXGroup;
			children = (
				17A870772B0862FA00D5162C /* Application */,
				17A870782B08630300D5162C /* Global */,
				17A870792B08630B00D5162C /* Network */,
				17A8707A2B08631200D5162C /* Presentation */,
			);
			path = Kurly;
			sourceTree = "<group>";
		};
		09EAE9842B0B04C90079CAC4 /* AddCart */ = {
			isa = PBXGroup;
			children = (
				09EAE9922B0B286D0079CAC4 /* Components */,
				09EAE98D2B0B0C7D0079CAC4 /* Views */,
				09EAE98C2B0B0AD40079CAC4 /* ViewControllers */,
				09EAE9892B0B0A800079CAC4 /* Models */,
			);
			path = AddCart;
			sourceTree = "<group>";
		};
		09EAE9892B0B0A800079CAC4 /* Models */ = {
			isa = PBXGroup;
			children = (
				09EAE98A2B0B0A8A0079CAC4 /* Product.swift */,
			);
			path = Models;
			sourceTree = "<group>";
		};
		09EAE98C2B0B0AD40079CAC4 /* ViewControllers */ = {
			isa = PBXGroup;
			children = (
				09EAE9852B0B05170079CAC4 /* AddCartViewController.swift */,
				09EAE9872B0B05C70079CAC4 /* TestViewController.swift */,
			);
			path = ViewControllers;
			sourceTree = "<group>";
		};
		09EAE98D2B0B0C7D0079CAC4 /* Views */ = {
			isa = PBXGroup;
			children = (
				09EAE98E2B0B0C880079CAC4 /* AddCartView.swift */,
			);
			path = Views;
			sourceTree = "<group>";
		};
		09EAE9922B0B286D0079CAC4 /* Components */ = {
			isa = PBXGroup;
			children = (
				09EAE9902B0B22080079CAC4 /* Stepper.swift */,
			);
			path = Components;
			sourceTree = "<group>";
		};
		09EAE9932B0B3BFE0079CAC4 /* AfterAddCart */ = {
			isa = PBXGroup;
			children = (
				097F58062B0EFE5500918304 /* Cells */,
				097F58032B0E739000918304 /* Model */,
				09EAE9952B0B3C190079CAC4 /* Views */,
				09EAE9942B0B3C0A0079CAC4 /* ViewControllers */,
			);
			path = AfterAddCart;
			sourceTree = "<group>";
		};
		09EAE9942B0B3C0A0079CAC4 /* ViewControllers */ = {
			isa = PBXGroup;
			children = (
				09EAE9962B0B3CB40079CAC4 /* AfterAddCartViewController.swift */,
			);
			path = ViewControllers;
			sourceTree = "<group>";
		};
		09EAE9952B0B3C190079CAC4 /* Views */ = {
			isa = PBXGroup;
			children = (
				09EAE9982B0B42F00079CAC4 /* AfterAddCartView.swift */,
			);
			path = Views;
			sourceTree = "<group>";
		};
		09FF07822B0A08A5002FE124 /* Common */ = {
			isa = PBXGroup;
			children = (
				09BA86B62B0A614400BF85D9 /* UIComponents */,
				09BA86902B0A3B9F00BF85D9 /* TabBar */,
				09FF07832B0A08B0002FE124 /* Base */,
			);
			path = Common;
			sourceTree = "<group>";
		};
		09FF07832B0A08B0002FE124 /* Base */ = {
			isa = PBXGroup;
			children = (
				09FF07842B0A08C6002FE124 /* BaseView.swift */,
				097266F52B0A134B00FB6E54 /* BaseViewController.swift */,
			);
			path = Base;
			sourceTree = "<group>";
		};
		178335FA2B0B4CF8000DF127 /* Views */ = {
			isa = PBXGroup;
			children = (
				178335FD2B0B4DA1000DF127 /* DetailView.swift */,
				178335FF2B0B61E2000DF127 /* FirstSectionCollectionViewCell.swift */,
				178336052B0E2159000DF127 /* SecondSectionCollectionViewCell.swift */,
			);
			path = Views;
			sourceTree = "<group>";
		};
		178335FB2B0B4D0A000DF127 /* Models */ = {
			isa = PBXGroup;
			children = (
				178336012B0B6832000DF127 /* DetailProduct.swift */,
			);
			path = Models;
			sourceTree = "<group>";
		};
		17A870772B0862FA00D5162C /* Application */ = {
			isa = PBXGroup;
			children = (
				09DE08352B05B70100D7DF3D /* AppDelegate.swift */,
				09DE08372B05B70100D7DF3D /* SceneDelegate.swift */,
			);
			path = Application;
			sourceTree = "<group>";
		};
		17A870782B08630300D5162C /* Global */ = {
			isa = PBXGroup;
			children = (
				17A8707B2B08632900D5162C /* Extension */,
				17A8707C2B08633300D5162C /* Literals */,
				17A8707D2B08633900D5162C /* Protocols */,
				17A8707E2B08634000D5162C /* Resources */,
				17A8707F2B08634800D5162C /* SupportingFiles */,
			);
			path = Global;
			sourceTree = "<group>";
		};
		17A870792B08630B00D5162C /* Network */ = {
			isa = PBXGroup;
			children = (
				17A870912B08647400D5162C /* Base */,
				17A870902B08646C00D5162C /* DataModel */,
				17A8708F2B08646100D5162C /* Service */,
			);
			path = Network;
			sourceTree = "<group>";
		};
		17A8707A2B08631200D5162C /* Presentation */ = {
			isa = PBXGroup;
			children = (
				F15DD1D82B0C966100984E6D /* RelatedFoodModal */,
				F15DD1CF2B0C8BDF00984E6D /* FavoriteFood */,
				3F52DDC82B0B52B000BD216E /* Cart */,
				09EAE9932B0B3BFE0079CAC4 /* AfterAddCart */,
				09EAE9842B0B04C90079CAC4 /* AddCart */,
				09BA86972B0A3C5900BF85D9 /* Detail */,
				09FF07822B0A08A5002FE124 /* Common */,
				17A8708A2B0863D400D5162C /* Home */,
			);
			path = Presentation;
			sourceTree = "<group>";
		};
		17A8707B2B08632900D5162C /* Extension */ = {
			isa = PBXGroup;
			children = (
				17A870C12B086E4800D5162C /* UIColor+.swift */,
				17A870C52B08742300D5162C /* UIImage+.swift */,
				17A870C72B08A43A00D5162C /* UIButton+.swift */,
				17A870C92B08A46500D5162C /* UILabel+.swift */,
				17A870CB2B08A4A000D5162C /* String+.swift */,
				17A870CD2B08A4CA00D5162C /* NSObject+.swift */,
				17A870CF2B08A4F400D5162C /* UIResponder+.swift */,
				17A870D12B08A67900D5162C /* UIStackView+.swift */,
				17A870D32B08A69800D5162C /* UITabBar+.swift */,
				17A870D52B08A6B000D5162C /* UITableView+.swift */,
				17A870D72B08A6CC00D5162C /* UITextField+.swift */,
				17A870D92B08A6E200D5162C /* UITextView+.swift */,
				17A870DB2B08A6F700D5162C /* UIView+.swift */,
				17A870DD2B08A70F00D5162C /* UIViewController+.swift */,
				09BA86B22B0A4E4D00BF85D9 /* UICollectionView+.swift */,
				09CE00FA2B0E12BC00CB42C4 /* Int+.swift */,
			);
			path = Extension;
			sourceTree = "<group>";
		};
		17A8707C2B08633300D5162C /* Literals */ = {
			isa = PBXGroup;
			children = (
				17A870BD2B08697E00D5162C /* FontLiterals.swift */,
				17A870BF2B086DE900D5162C /* ColorLiterals.swift */,
				17A870C32B0873C200D5162C /* ImageLiterals.swift */,
				09BA86932B0A3BF200BF85D9 /* SizeLiterals.swift */,
			);
			path = Literals;
			sourceTree = "<group>";
		};
		17A8707D2B08633900D5162C /* Protocols */ = {
			isa = PBXGroup;
			children = (
				17A870842B0863A600D5162C /* Protocols.swift */,
			);
			path = Protocols;
			sourceTree = "<group>";
		};
		17A8707E2B08634000D5162C /* Resources */ = {
			isa = PBXGroup;
			children = (
				17A870A02B08650300D5162C /* Font */,
				17A870A12B08650700D5162C /* Assets */,
				09BA868C2B0A23B100BF85D9 /* Info.plist */,
			);
			path = Resources;
			sourceTree = "<group>";
		};
		17A8707F2B08634800D5162C /* SupportingFiles */ = {
			isa = PBXGroup;
			children = (
				17A870A32B08652800D5162C /* Base */,
				09DE08402B05B70200D7DF3D /* LaunchScreen.storyboard */,
			);
			path = SupportingFiles;
			sourceTree = "<group>";
		};
		17A8708A2B0863D400D5162C /* Home */ = {
			isa = PBXGroup;
			children = (
				17A8708B2B08640400D5162C /* ViewControllers */,
				17A8708C2B08641000D5162C /* Views */,
				17A8708D2B08641A00D5162C /* Models */,
				17A8708E2B08644A00D5162C /* Cells */,
			);
			path = Home;
			sourceTree = "<group>";
		};
		17A8708B2B08640400D5162C /* ViewControllers */ = {
			isa = PBXGroup;
			children = (
				09DE08392B05B70100D7DF3D /* ViewController.swift */,
			);
			path = ViewControllers;
			sourceTree = "<group>";
		};
		17A8708C2B08641000D5162C /* Views */ = {
			isa = PBXGroup;
			children = (
				17A870922B08649300D5162C /* View.swift */,
			);
			path = Views;
			sourceTree = "<group>";
		};
		17A8708D2B08641A00D5162C /* Models */ = {
			isa = PBXGroup;
			children = (
				17A870942B08649D00D5162C /* Models.swift */,
			);
			path = Models;
			sourceTree = "<group>";
		};
		17A8708E2B08644A00D5162C /* Cells */ = {
			isa = PBXGroup;
			children = (
				17A870962B0864A600D5162C /* Cell.swift */,
			);
			path = Cells;
			sourceTree = "<group>";
		};
		17A8708F2B08646100D5162C /* Service */ = {
			isa = PBXGroup;
			children = (
				17A8709C2B0864CB00D5162C /* Service.swift */,
			);
			path = Service;
			sourceTree = "<group>";
		};
		17A870902B08646C00D5162C /* DataModel */ = {
			isa = PBXGroup;
			children = (
				17A8709A2B0864BB00D5162C /* DataModel.swift */,
			);
			path = DataModel;
			sourceTree = "<group>";
		};
		17A870912B08647400D5162C /* Base */ = {
			isa = PBXGroup;
			children = (
				17A870982B0864B000D5162C /* Base.swift */,
			);
			path = Base;
			sourceTree = "<group>";
		};
		17A870A02B08650300D5162C /* Font */ = {
			isa = PBXGroup;
			children = (
				17A870B32B08687700D5162C /* Pretendard-ExtraBold.otf */,
				17A870BB2B08689100D5162C /* Pretendard-Bold.otf */,
				17A870B52B08688400D5162C /* Pretendard-Medium.otf */,
				17A870B62B08688400D5162C /* Pretendard-Regular.otf */,
				17A870B72B08688400D5162C /* Pretendard-SemiBold.otf */,
				17A870A62B08657500D5162C /* Font.swift */,
			);
			path = Font;
			sourceTree = "<group>";
		};
		17A870A12B08650700D5162C /* Assets */ = {
			isa = PBXGroup;
			children = (
				09DE083E2B05B70200D7DF3D /* Assets.xcassets */,
			);
			path = Assets;
			sourceTree = "<group>";
		};
		17A870A32B08652800D5162C /* Base */ = {
			isa = PBXGroup;
			children = (
				17A870A42B08653300D5162C /* Base1.swift */,
			);
			path = Base;
			sourceTree = "<group>";
		};
		3F52DDC82B0B52B000BD216E /* Cart */ = {
			isa = PBXGroup;
			children = (
				3F52DDC92B0B52D900BD216E /* Views */,
				3F52DDCA2B0B52E000BD216E /* ViewControllers */,
			);
			path = Cart;
			sourceTree = "<group>";
		};
		3F52DDC92B0B52D900BD216E /* Views */ = {
			isa = PBXGroup;
			children = (
				3F52DDCD2B0B53B200BD216E /* CartView.swift */,
				3F6E80F22B0C5E1E00D89606 /* CartHeaderView.swift */,
			);
			path = Views;
			sourceTree = "<group>";
		};
		3F52DDCA2B0B52E000BD216E /* ViewControllers */ = {
			isa = PBXGroup;
			children = (
				3F52DDCB2B0B531E00BD216E /* CartViewController.swift */,
			);
			path = ViewControllers;
			sourceTree = "<group>";
		};
		F15DD1CF2B0C8BDF00984E6D /* FavoriteFood */ = {
			isa = PBXGroup;
			children = (
				F15DD1D12B0C8BF800984E6D /* View */,
				F15DD1D02B0C8BF100984E6D /* ViewControllers */,
			);
			path = FavoriteFood;
			sourceTree = "<group>";
		};
		F15DD1D02B0C8BF100984E6D /* ViewControllers */ = {
			isa = PBXGroup;
			children = (
				F15DD1D22B0C8C3C00984E6D /* sampleViewController.swift */,
			);
			path = ViewControllers;
			sourceTree = "<group>";
		};
		F15DD1D12B0C8BF800984E6D /* View */ = {
			isa = PBXGroup;
			children = (
				F15DD1D42B0C8C6600984E6D /* NotifyAddToastView.swift */,
				F15DD1D62B0C8C7E00984E6D /* NotifyRemoveToastView.swift */,
			);
			path = View;
			sourceTree = "<group>";
		};
		F15DD1D82B0C966100984E6D /* RelatedFoodModal */ = {
			isa = PBXGroup;
			children = (
				F15DD1E62B0DD7A500984E6D /* Models */,
				F15DD1DF2B0C9C7E00984E6D /* Cells */,
				F15DD1DA2B0C969F00984E6D /* Views */,
				F15DD1D92B0C969700984E6D /* ViewControllers */,
			);
			path = RelatedFoodModal;
			sourceTree = "<group>";
		};
		F15DD1D92B0C969700984E6D /* ViewControllers */ = {
			isa = PBXGroup;
			children = (
				F15DD1DB2B0C96E700984E6D /* RelatedFoodModalViewController.swift */,
			);
			path = ViewControllers;
			sourceTree = "<group>";
		};
		F15DD1DA2B0C969F00984E6D /* Views */ = {
			isa = PBXGroup;
			children = (
				F15DD1DD2B0C970700984E6D /* RelatedFoodModalView.swift */,
				F15DD1E22B0CBBB800984E6D /* RecommendHeaderView.swift */,
				F15DD1E42B0CD37E00984E6D /* RecommendFooterView.swift */,
			);
			path = Views;
			sourceTree = "<group>";
		};
		F15DD1DF2B0C9C7E00984E6D /* Cells */ = {
			isa = PBXGroup;
			children = (
				F15DD1E02B0C9CAB00984E6D /* RecommendCollectionViewCell.swift */,
			);
			path = Cells;
			sourceTree = "<group>";
		};
		F15DD1E62B0DD7A500984E6D /* Models */ = {
			isa = PBXGroup;
			children = (
				F15DD1E72B0DD7D100984E6D /* RecommendModel.swift */,
			);
			path = Models;
			sourceTree = "<group>";
		};
/* End PBXGroup section */

/* Begin PBXNativeTarget section */
		09DE08312B05B70100D7DF3D /* Kurly */ = {
			isa = PBXNativeTarget;
			buildConfigurationList = 09DE08462B05B70200D7DF3D /* Build configuration list for PBXNativeTarget "Kurly" */;
			buildPhases = (
				09DE082E2B05B70100D7DF3D /* Sources */,
				09DE082F2B05B70100D7DF3D /* Frameworks */,
				09DE08302B05B70100D7DF3D /* Resources */,
			);
			buildRules = (
			);
			dependencies = (
			);
			name = Kurly;
			packageProductDependencies = (
				17A870AB2B08668E00D5162C /* SnapKit */,
				17A870AE2B0866C400D5162C /* Then */,
				17A870B12B08672A00D5162C /* Kingfisher */,
			);
			productName = Kurly;
			productReference = 09DE08322B05B70100D7DF3D /* Kurly.app */;
			productType = "com.apple.product-type.application";
		};
/* End PBXNativeTarget section */

/* Begin PBXProject section */
		09DE082A2B05B70100D7DF3D /* Project object */ = {
			isa = PBXProject;
			attributes = {
				BuildIndependentTargetsInParallel = 1;
				LastSwiftUpdateCheck = 1500;
				LastUpgradeCheck = 1500;
				TargetAttributes = {
					09DE08312B05B70100D7DF3D = {
						CreatedOnToolsVersion = 15.0.1;
					};
				};
			};
			buildConfigurationList = 09DE082D2B05B70100D7DF3D /* Build configuration list for PBXProject "Kurly" */;
			compatibilityVersion = "Xcode 14.0";
			developmentRegion = en;
			hasScannedForEncodings = 0;
			knownRegions = (
				en,
				Base,
			);
			mainGroup = 09DE08292B05B70100D7DF3D;
			packageReferences = (
				17A870AA2B08668E00D5162C /* XCRemoteSwiftPackageReference "SnapKit" */,
				17A870AD2B0866C400D5162C /* XCRemoteSwiftPackageReference "Then" */,
				17A870B02B08672A00D5162C /* XCRemoteSwiftPackageReference "Kingfisher" */,
			);
			productRefGroup = 09DE08332B05B70100D7DF3D /* Products */;
			projectDirPath = "";
			projectRoot = "";
			targets = (
				09DE08312B05B70100D7DF3D /* Kurly */,
			);
		};
/* End PBXProject section */

/* Begin PBXResourcesBuildPhase section */
		09DE08302B05B70100D7DF3D /* Resources */ = {
			isa = PBXResourcesBuildPhase;
			buildActionMask = 2147483647;
			files = (
				09BA868B2B0A231000BF85D9 /* LaunchScreen.storyboard in Resources */,
				09DE083F2B05B70200D7DF3D /* Assets.xcassets in Resources */,
				17A870BC2B08689100D5162C /* Pretendard-Bold.otf in Resources */,
				17A870B92B08688500D5162C /* Pretendard-Regular.otf in Resources */,
				17A870BA2B08688500D5162C /* Pretendard-SemiBold.otf in Resources */,
				17A870B42B08687700D5162C /* Pretendard-ExtraBold.otf in Resources */,
				17A870B82B08688500D5162C /* Pretendard-Medium.otf in Resources */,
			);
			runOnlyForDeploymentPostprocessing = 0;
		};
/* End PBXResourcesBuildPhase section */

/* Begin PBXSourcesBuildPhase section */
		09DE082E2B05B70100D7DF3D /* Sources */ = {
			isa = PBXSourcesBuildPhase;
			buildActionMask = 2147483647;
			files = (
				F15DD1E52B0CD37E00984E6D /* RecommendFooterView.swift in Sources */,
				17A870D22B08A67900D5162C /* UIStackView+.swift in Sources */,
				09BA86992B0A3C6400BF85D9 /* DetailViewController.swift in Sources */,
				17A870D02B08A4F400D5162C /* UIResponder+.swift in Sources */,
				3F6E80F32B0C5E1E00D89606 /* CartHeaderView.swift in Sources */,
				17A870C42B0873C200D5162C /* ImageLiterals.swift in Sources */,
				F15DD1E82B0DD7D100984E6D /* RecommendModel.swift in Sources */,
				17A870D62B08A6B000D5162C /* UITableView+.swift in Sources */,
				17A870992B0864B000D5162C /* Base.swift in Sources */,
				09EAE98F2B0B0C880079CAC4 /* AddCartView.swift in Sources */,
				09EAE9912B0B22080079CAC4 /* Stepper.swift in Sources */,
				17A8709D2B0864CB00D5162C /* Service.swift in Sources */,
				17A870D42B08A69800D5162C /* UITabBar+.swift in Sources */,
				178336062B0E2159000DF127 /* SecondSectionCollectionViewCell.swift in Sources */,
				17A870C02B086DE900D5162C /* ColorLiterals.swift in Sources */,
				09CE00FB2B0E12BC00CB42C4 /* Int+.swift in Sources */,
				097F58082B0EFE6B00918304 /* RelatedCollectionViewCell.swift in Sources */,
				09BA86BB2B0A6F0E00BF85D9 /* BottomCTAButton.swift in Sources */,
				09EAE9972B0B3CB40079CAC4 /* AfterAddCartViewController.swift in Sources */,
				17A870A72B08657500D5162C /* Font.swift in Sources */,
				F15DD1DE2B0C970700984E6D /* RelatedFoodModalView.swift in Sources */,
				09BA86AD2B0A4C9200BF85D9 /* TabBarView.swift in Sources */,
				09BA86B32B0A4E4D00BF85D9 /* UICollectionView+.swift in Sources */,
				17A870CE2B08A4CB00D5162C /* NSObject+.swift in Sources */,
				097F58052B0E73C400918304 /* RelatedModel.swift in Sources */,
				09DE083A2B05B70100D7DF3D /* ViewController.swift in Sources */,
				17A870BE2B08697E00D5162C /* FontLiterals.swift in Sources */,
				09DE08362B05B70100D7DF3D /* AppDelegate.swift in Sources */,
				F15DD1D52B0C8C6600984E6D /* NotifyAddToastView.swift in Sources */,
				09BA86942B0A3BF200BF85D9 /* SizeLiterals.swift in Sources */,
				178336002B0B61E3000DF127 /* FirstSectionCollectionViewCell.swift in Sources */,
				09BA86B52B0A4E7C00BF85D9 /* TabBarRect.swift in Sources */,
				09EAE98B2B0B0A8A0079CAC4 /* Product.swift in Sources */,
				09BA86B82B0A616500BF85D9 /* CustomNavigationBar.swift in Sources */,
				F15DD1E32B0CBBB800984E6D /* RecommendHeaderView.swift in Sources */,
				097266F62B0A134B00FB6E54 /* BaseViewController.swift in Sources */,
				178335FE2B0B4DA1000DF127 /* DetailView.swift in Sources */,
				F15DD1E12B0C9CAB00984E6D /* RecommendCollectionViewCell.swift in Sources */,
				17A870852B0863A600D5162C /* Protocols.swift in Sources */,
				178336022B0B6832000DF127 /* DetailProduct.swift in Sources */,
				17A870DA2B08A6E200D5162C /* UITextView+.swift in Sources */,
				09BA86B12B0A4DB100BF85D9 /* TabBarCollectionViewCell.swift in Sources */,
				3F52DDCC2B0B531E00BD216E /* CartViewController.swift in Sources */,
				3F52DDCE2B0B53B200BD216E /* CartView.swift in Sources */,
				17A8709B2B0864BB00D5162C /* DataModel.swift in Sources */,
				17A870932B08649300D5162C /* View.swift in Sources */,
				09DE08382B05B70100D7DF3D /* SceneDelegate.swift in Sources */,
				17A870972B0864A600D5162C /* Cell.swift in Sources */,
				09EAE9882B0B05C70079CAC4 /* TestViewController.swift in Sources */,
				17A870A52B08653300D5162C /* Base1.swift in Sources */,
				09FF07852B0A08C6002FE124 /* BaseView.swift in Sources */,
				17A870C62B08742300D5162C /* UIImage+.swift in Sources */,
				09BA86AF2B0A4D9400BF85D9 /* TabBarCollectionView.swift in Sources */,
				09EAE9992B0B42F00079CAC4 /* AfterAddCartView.swift in Sources */,
				17A870952B08649D00D5162C /* Models.swift in Sources */,
				17A870DC2B08A6F700D5162C /* UIView+.swift in Sources */,
				17A870D82B08A6CC00D5162C /* UITextField+.swift in Sources */,
				17A870CC2B08A4A000D5162C /* String+.swift in Sources */,
				17A870CA2B08A46500D5162C /* UILabel+.swift in Sources */,
				17A870DE2B08A70F00D5162C /* UIViewController+.swift in Sources */,
				F15DD1D32B0C8C3C00984E6D /* sampleViewController.swift in Sources */,
				17A870C22B086E4800D5162C /* UIColor+.swift in Sources */,
				17A870C82B08A43A00D5162C /* UIButton+.swift in Sources */,
				09EAE9862B0B05170079CAC4 /* AddCartViewController.swift in Sources */,
				F15DD1DC2B0C96E700984E6D /* RelatedFoodModalViewController.swift in Sources */,
				F15DD1D72B0C8C7E00984E6D /* NotifyRemoveToastView.swift in Sources */,
			);
			runOnlyForDeploymentPostprocessing = 0;
		};
/* End PBXSourcesBuildPhase section */

/* Begin PBXVariantGroup section */
		09DE08402B05B70200D7DF3D /* LaunchScreen.storyboard */ = {
			isa = PBXVariantGroup;
			children = (
				09DE08412B05B70200D7DF3D /* Base */,
			);
			name = LaunchScreen.storyboard;
			sourceTree = "<group>";
		};
/* End PBXVariantGroup section */

/* Begin XCBuildConfiguration section */
		09DE08442B05B70200D7DF3D /* Debug */ = {
			isa = XCBuildConfiguration;
			buildSettings = {
				ALWAYS_SEARCH_USER_PATHS = NO;
				ASSETCATALOG_COMPILER_GENERATE_SWIFT_ASSET_SYMBOL_EXTENSIONS = YES;
				CLANG_ANALYZER_NONNULL = YES;
				CLANG_ANALYZER_NUMBER_OBJECT_CONVERSION = YES_AGGRESSIVE;
				CLANG_CXX_LANGUAGE_STANDARD = "gnu++20";
				CLANG_ENABLE_MODULES = YES;
				CLANG_ENABLE_OBJC_ARC = YES;
				CLANG_ENABLE_OBJC_WEAK = YES;
				CLANG_WARN_BLOCK_CAPTURE_AUTORELEASING = YES;
				CLANG_WARN_BOOL_CONVERSION = YES;
				CLANG_WARN_COMMA = YES;
				CLANG_WARN_CONSTANT_CONVERSION = YES;
				CLANG_WARN_DEPRECATED_OBJC_IMPLEMENTATIONS = YES;
				CLANG_WARN_DIRECT_OBJC_ISA_USAGE = YES_ERROR;
				CLANG_WARN_DOCUMENTATION_COMMENTS = YES;
				CLANG_WARN_EMPTY_BODY = YES;
				CLANG_WARN_ENUM_CONVERSION = YES;
				CLANG_WARN_INFINITE_RECURSION = YES;
				CLANG_WARN_INT_CONVERSION = YES;
				CLANG_WARN_NON_LITERAL_NULL_CONVERSION = YES;
				CLANG_WARN_OBJC_IMPLICIT_RETAIN_SELF = YES;
				CLANG_WARN_OBJC_LITERAL_CONVERSION = YES;
				CLANG_WARN_OBJC_ROOT_CLASS = YES_ERROR;
				CLANG_WARN_QUOTED_INCLUDE_IN_FRAMEWORK_HEADER = YES;
				CLANG_WARN_RANGE_LOOP_ANALYSIS = YES;
				CLANG_WARN_STRICT_PROTOTYPES = YES;
				CLANG_WARN_SUSPICIOUS_MOVE = YES;
				CLANG_WARN_UNGUARDED_AVAILABILITY = YES_AGGRESSIVE;
				CLANG_WARN_UNREACHABLE_CODE = YES;
				CLANG_WARN__DUPLICATE_METHOD_MATCH = YES;
				COPY_PHASE_STRIP = NO;
				DEBUG_INFORMATION_FORMAT = dwarf;
				ENABLE_STRICT_OBJC_MSGSEND = YES;
				ENABLE_TESTABILITY = YES;
				ENABLE_USER_SCRIPT_SANDBOXING = YES;
				GCC_C_LANGUAGE_STANDARD = gnu17;
				GCC_DYNAMIC_NO_PIC = NO;
				GCC_NO_COMMON_BLOCKS = YES;
				GCC_OPTIMIZATION_LEVEL = 0;
				GCC_PREPROCESSOR_DEFINITIONS = (
					"DEBUG=1",
					"$(inherited)",
				);
				GCC_WARN_64_TO_32_BIT_CONVERSION = YES;
				GCC_WARN_ABOUT_RETURN_TYPE = YES_ERROR;
				GCC_WARN_UNDECLARED_SELECTOR = YES;
				GCC_WARN_UNINITIALIZED_AUTOS = YES_AGGRESSIVE;
				GCC_WARN_UNUSED_FUNCTION = YES;
				GCC_WARN_UNUSED_VARIABLE = YES;
				IPHONEOS_DEPLOYMENT_TARGET = 17.0;
				LOCALIZATION_PREFERS_STRING_CATALOGS = YES;
				MTL_ENABLE_DEBUG_INFO = INCLUDE_SOURCE;
				MTL_FAST_MATH = YES;
				ONLY_ACTIVE_ARCH = YES;
				SDKROOT = iphoneos;
				SWIFT_ACTIVE_COMPILATION_CONDITIONS = "DEBUG $(inherited)";
				SWIFT_OPTIMIZATION_LEVEL = "-Onone";
			};
			name = Debug;
		};
		09DE08452B05B70200D7DF3D /* Release */ = {
			isa = XCBuildConfiguration;
			buildSettings = {
				ALWAYS_SEARCH_USER_PATHS = NO;
				ASSETCATALOG_COMPILER_GENERATE_SWIFT_ASSET_SYMBOL_EXTENSIONS = YES;
				CLANG_ANALYZER_NONNULL = YES;
				CLANG_ANALYZER_NUMBER_OBJECT_CONVERSION = YES_AGGRESSIVE;
				CLANG_CXX_LANGUAGE_STANDARD = "gnu++20";
				CLANG_ENABLE_MODULES = YES;
				CLANG_ENABLE_OBJC_ARC = YES;
				CLANG_ENABLE_OBJC_WEAK = YES;
				CLANG_WARN_BLOCK_CAPTURE_AUTORELEASING = YES;
				CLANG_WARN_BOOL_CONVERSION = YES;
				CLANG_WARN_COMMA = YES;
				CLANG_WARN_CONSTANT_CONVERSION = YES;
				CLANG_WARN_DEPRECATED_OBJC_IMPLEMENTATIONS = YES;
				CLANG_WARN_DIRECT_OBJC_ISA_USAGE = YES_ERROR;
				CLANG_WARN_DOCUMENTATION_COMMENTS = YES;
				CLANG_WARN_EMPTY_BODY = YES;
				CLANG_WARN_ENUM_CONVERSION = YES;
				CLANG_WARN_INFINITE_RECURSION = YES;
				CLANG_WARN_INT_CONVERSION = YES;
				CLANG_WARN_NON_LITERAL_NULL_CONVERSION = YES;
				CLANG_WARN_OBJC_IMPLICIT_RETAIN_SELF = YES;
				CLANG_WARN_OBJC_LITERAL_CONVERSION = YES;
				CLANG_WARN_OBJC_ROOT_CLASS = YES_ERROR;
				CLANG_WARN_QUOTED_INCLUDE_IN_FRAMEWORK_HEADER = YES;
				CLANG_WARN_RANGE_LOOP_ANALYSIS = YES;
				CLANG_WARN_STRICT_PROTOTYPES = YES;
				CLANG_WARN_SUSPICIOUS_MOVE = YES;
				CLANG_WARN_UNGUARDED_AVAILABILITY = YES_AGGRESSIVE;
				CLANG_WARN_UNREACHABLE_CODE = YES;
				CLANG_WARN__DUPLICATE_METHOD_MATCH = YES;
				COPY_PHASE_STRIP = NO;
				DEBUG_INFORMATION_FORMAT = "dwarf-with-dsym";
				ENABLE_NS_ASSERTIONS = NO;
				ENABLE_STRICT_OBJC_MSGSEND = YES;
				ENABLE_USER_SCRIPT_SANDBOXING = YES;
				GCC_C_LANGUAGE_STANDARD = gnu17;
				GCC_NO_COMMON_BLOCKS = YES;
				GCC_WARN_64_TO_32_BIT_CONVERSION = YES;
				GCC_WARN_ABOUT_RETURN_TYPE = YES_ERROR;
				GCC_WARN_UNDECLARED_SELECTOR = YES;
				GCC_WARN_UNINITIALIZED_AUTOS = YES_AGGRESSIVE;
				GCC_WARN_UNUSED_FUNCTION = YES;
				GCC_WARN_UNUSED_VARIABLE = YES;
				IPHONEOS_DEPLOYMENT_TARGET = 17.0;
				LOCALIZATION_PREFERS_STRING_CATALOGS = YES;
				MTL_ENABLE_DEBUG_INFO = NO;
				MTL_FAST_MATH = YES;
				SDKROOT = iphoneos;
				SWIFT_COMPILATION_MODE = wholemodule;
				VALIDATE_PRODUCT = YES;
			};
			name = Release;
		};
		09DE08472B05B70200D7DF3D /* Debug */ = {
			isa = XCBuildConfiguration;
			buildSettings = {
				ASSETCATALOG_COMPILER_APPICON_NAME = AppIcon;
				ASSETCATALOG_COMPILER_GLOBAL_ACCENT_COLOR_NAME = AccentColor;
				CODE_SIGN_STYLE = Automatic;
				CURRENT_PROJECT_VERSION = 1;
				DEVELOPMENT_TEAM = A253B8QM8J;
				GENERATE_INFOPLIST_FILE = YES;
				INFOPLIST_FILE = Kurly/Global/Resources/Info.plist;
				INFOPLIST_KEY_UIApplicationSupportsIndirectInputEvents = YES;
				INFOPLIST_KEY_UILaunchStoryboardName = LaunchScreen;
				INFOPLIST_KEY_UIMainStoryboardFile = "";
				INFOPLIST_KEY_UISupportedInterfaceOrientations_iPad = "UIInterfaceOrientationPortrait UIInterfaceOrientationPortraitUpsideDown UIInterfaceOrientationLandscapeLeft UIInterfaceOrientationLandscapeRight";
				INFOPLIST_KEY_UISupportedInterfaceOrientations_iPhone = "UIInterfaceOrientationPortrait UIInterfaceOrientationLandscapeLeft UIInterfaceOrientationLandscapeRight";
				LD_RUNPATH_SEARCH_PATHS = (
					"$(inherited)",
					"@executable_path/Frameworks",
				);
				MARKETING_VERSION = 1.0;
				PRODUCT_BUNDLE_IDENTIFIER = com.joo.Kurly;
				PRODUCT_NAME = "$(TARGET_NAME)";
				SWIFT_EMIT_LOC_STRINGS = YES;
				SWIFT_VERSION = 5.0;
				TARGETED_DEVICE_FAMILY = "1,2";
			};
			name = Debug;
		};
		09DE08482B05B70200D7DF3D /* Release */ = {
			isa = XCBuildConfiguration;
			buildSettings = {
				ASSETCATALOG_COMPILER_APPICON_NAME = AppIcon;
				ASSETCATALOG_COMPILER_GLOBAL_ACCENT_COLOR_NAME = AccentColor;
				CODE_SIGN_STYLE = Automatic;
				CURRENT_PROJECT_VERSION = 1;
				DEVELOPMENT_TEAM = A253B8QM8J;
				GENERATE_INFOPLIST_FILE = YES;
				INFOPLIST_FILE = Kurly/Global/Resources/Info.plist;
				INFOPLIST_KEY_UIApplicationSupportsIndirectInputEvents = YES;
				INFOPLIST_KEY_UILaunchStoryboardName = LaunchScreen;
				INFOPLIST_KEY_UIMainStoryboardFile = "";
				INFOPLIST_KEY_UISupportedInterfaceOrientations_iPad = "UIInterfaceOrientationPortrait UIInterfaceOrientationPortraitUpsideDown UIInterfaceOrientationLandscapeLeft UIInterfaceOrientationLandscapeRight";
				INFOPLIST_KEY_UISupportedInterfaceOrientations_iPhone = "UIInterfaceOrientationPortrait UIInterfaceOrientationLandscapeLeft UIInterfaceOrientationLandscapeRight";
				LD_RUNPATH_SEARCH_PATHS = (
					"$(inherited)",
					"@executable_path/Frameworks",
				);
				MARKETING_VERSION = 1.0;
				PRODUCT_BUNDLE_IDENTIFIER = com.joo.Kurly;
				PRODUCT_NAME = "$(TARGET_NAME)";
				SWIFT_EMIT_LOC_STRINGS = YES;
				SWIFT_VERSION = 5.0;
				TARGETED_DEVICE_FAMILY = "1,2";
			};
			name = Release;
		};
/* End XCBuildConfiguration section */

/* Begin XCConfigurationList section */
		09DE082D2B05B70100D7DF3D /* Build configuration list for PBXProject "Kurly" */ = {
			isa = XCConfigurationList;
			buildConfigurations = (
				09DE08442B05B70200D7DF3D /* Debug */,
				09DE08452B05B70200D7DF3D /* Release */,
			);
			defaultConfigurationIsVisible = 0;
			defaultConfigurationName = Release;
		};
		09DE08462B05B70200D7DF3D /* Build configuration list for PBXNativeTarget "Kurly" */ = {
			isa = XCConfigurationList;
			buildConfigurations = (
				09DE08472B05B70200D7DF3D /* Debug */,
				09DE08482B05B70200D7DF3D /* Release */,
			);
			defaultConfigurationIsVisible = 0;
			defaultConfigurationName = Release;
		};
/* End XCConfigurationList section */

/* Begin XCRemoteSwiftPackageReference section */
		17A870AA2B08668E00D5162C /* XCRemoteSwiftPackageReference "SnapKit" */ = {
			isa = XCRemoteSwiftPackageReference;
			repositoryURL = "https://github.com/SnapKit/SnapKit.git";
			requirement = {
				kind = upToNextMajorVersion;
				minimumVersion = 5.6.0;
			};
		};
		17A870AD2B0866C400D5162C /* XCRemoteSwiftPackageReference "Then" */ = {
			isa = XCRemoteSwiftPackageReference;
			repositoryURL = "https://github.com/devxoul/Then";
			requirement = {
				kind = upToNextMajorVersion;
				minimumVersion = 3.0.0;
			};
		};
		17A870B02B08672A00D5162C /* XCRemoteSwiftPackageReference "Kingfisher" */ = {
			isa = XCRemoteSwiftPackageReference;
			repositoryURL = "https://github.com/onevcat/Kingfisher.git";
			requirement = {
				kind = upToNextMajorVersion;
				minimumVersion = 7.10.0;
			};
		};
/* End XCRemoteSwiftPackageReference section */

/* Begin XCSwiftPackageProductDependency section */
		17A870AB2B08668E00D5162C /* SnapKit */ = {
			isa = XCSwiftPackageProductDependency;
			package = 17A870AA2B08668E00D5162C /* XCRemoteSwiftPackageReference "SnapKit" */;
			productName = SnapKit;
		};
		17A870AE2B0866C400D5162C /* Then */ = {
			isa = XCSwiftPackageProductDependency;
			package = 17A870AD2B0866C400D5162C /* XCRemoteSwiftPackageReference "Then" */;
			productName = Then;
		};
		17A870B12B08672A00D5162C /* Kingfisher */ = {
			isa = XCSwiftPackageProductDependency;
			package = 17A870B02B08672A00D5162C /* XCRemoteSwiftPackageReference "Kingfisher" */;
			productName = Kingfisher;
		};
/* End XCSwiftPackageProductDependency section */
	};
	rootObject = 09DE082A2B05B70100D7DF3D /* Project object */;
}
